// !$*UTF8*$!
{
	archiveVersion = 1;
	classes = {
	};
	objectVersion = 56;
	objects = {

/* Begin PBXBuildFile section */
		D61BB4562BB3770D008644D1 /* SwiftUIDrawClockApp.swift in Sources */ = {isa = PBXBuildFile; fileRef = D61BB4552BB3770D008644D1 /* SwiftUIDrawClockApp.swift */; };
		D61BB4582BB3770D008644D1 /* ContentView.swift in Sources */ = {isa = PBXBuildFile; fileRef = D61BB4572BB3770D008644D1 /* ContentView.swift */; };
		D61BB45A2BB3770E008644D1 /* Assets.xcassets in Resources */ = {isa = PBXBuildFile; fileRef = D61BB4592BB3770E008644D1 /* Assets.xcassets */; };
		D61BB45D2BB3770E008644D1 /* Preview Assets.xcassets in Resources */ = {isa = PBXBuildFile; fileRef = D61BB45C2BB3770E008644D1 /* Preview Assets.xcassets */; };
		D61BB4672BB3770F008644D1 /* SwiftUIDrawClockTests.swift in Sources */ = {isa = PBXBuildFile; fileRef = D61BB4662BB3770F008644D1 /* SwiftUIDrawClockTests.swift */; };
		D61BB4712BB3770F008644D1 /* SwiftUIDrawClockUITests.swift in Sources */ = {isa = PBXBuildFile; fileRef = D61BB4702BB3770F008644D1 /* SwiftUIDrawClockUITests.swift */; };
		D61BB4732BB3770F008644D1 /* SwiftUIDrawClockUITestsLaunchTests.swift in Sources */ = {isa = PBXBuildFile; fileRef = D61BB4722BB3770F008644D1 /* SwiftUIDrawClockUITestsLaunchTests.swift */; };
/* End PBXBuildFile section */

/* Begin PBXContainerItemProxy section */
		D61BB4632BB3770F008644D1 /* PBXContainerItemProxy */ = {
			isa = PBXContainerItemProxy;
			containerPortal = D61BB44A2BB3770D008644D1 /* Project object */;
			proxyType = 1;
			remoteGlobalIDString = D61BB4512BB3770D008644D1;
			remoteInfo = SwiftUIDrawClock;
		};
		D61BB46D2BB3770F008644D1 /* PBXContainerItemProxy */ = {
			isa = PBXContainerItemProxy;
			containerPortal = D61BB44A2BB3770D008644D1 /* Project object */;
			proxyType = 1;
			remoteGlobalIDString = D61BB4512BB3770D008644D1;
			remoteInfo = SwiftUIDrawClock;
		};
/* End PBXContainerItemProxy section */

/* Begin PBXFileReference section */
		D61BB4522BB3770D008644D1 /* SwiftUIDrawClock.app */ = {isa = PBXFileReference; explicitFileType = wrapper.application; includeInIndex = 0; path = SwiftUIDrawClock.app; sourceTree = BUILT_PRODUCTS_DIR; };
		D61BB4552BB3770D008644D1 /* SwiftUIDrawClockApp.swift */ = {isa = PBXFileReference; lastKnownFileType = sourcecode.swift; path = SwiftUIDrawClockApp.swift; sourceTree = "<group>"; };
		D61BB4572BB3770D008644D1 /* ContentView.swift */ = {isa = PBXFileReference; lastKnownFileType = sourcecode.swift; path = ContentView.swift; sourceTree = "<group>"; };
		D61BB4592BB3770E008644D1 /* Assets.xcassets */ = {isa = PBXFileReference; lastKnownFileType = folder.assetcatalog; path = Assets.xcassets; sourceTree = "<group>"; };
		D61BB45C2BB3770E008644D1 /* Preview Assets.xcassets */ = {isa = PBXFileReference; lastKnownFileType = folder.assetcatalog; path = "Preview Assets.xcassets"; sourceTree = "<group>"; };
		D61BB4622BB3770F008644D1 /* SwiftUIDrawClockTests.xctest */ = {isa = PBXFileReference; explicitFileType = wrapper.cfbundle; includeInIndex = 0; path = SwiftUIDrawClockTests.xctest; sourceTree = BUILT_PRODUCTS_DIR; };
		D61BB4662BB3770F008644D1 /* SwiftUIDrawClockTests.swift */ = {isa = PBXFileReference; lastKnownFileType = sourcecode.swift; path = SwiftUIDrawClockTests.swift; sourceTree = "<group>"; };
		D61BB46C2BB3770F008644D1 /* SwiftUIDrawClockUITests.xctest */ = {isa = PBXFileReference; explicitFileType = wrapper.cfbundle; includeInIndex = 0; path = SwiftUIDrawClockUITests.xctest; sourceTree = BUILT_PRODUCTS_DIR; };
		D61BB4702BB3770F008644D1 /* SwiftUIDrawClockUITests.swift */ = {isa = PBXFileReference; lastKnownFileType = sourcecode.swift; path = SwiftUIDrawClockUITests.swift; sourceTree = "<group>"; };
		D61BB4722BB3770F008644D1 /* SwiftUIDrawClockUITestsLaunchTests.swift */ = {isa = PBXFileReference; lastKnownFileType = sourcecode.swift; path = SwiftUIDrawClockUITestsLaunchTests.swift; sourceTree = "<group>"; };
/* End PBXFileReference section */

/* Begin PBXFrameworksBuildPhase section */
		D61BB44F2BB3770D008644D1 /* Frameworks */ = {
			isa = PBXFrameworksBuildPhase;
			buildActionMask = 2147483647;
			files = (
			);
			runOnlyForDeploymentPostprocessing = 0;
		};
		D61BB45F2BB3770F008644D1 /* Frameworks */ = {
			isa = PBXFrameworksBuildPhase;
			buildActionMask = 2147483647;
			files = (
			);
			runOnlyForDeploymentPostprocessing = 0;
		};
		D61BB4692BB3770F008644D1 /* Frameworks */ = {
			isa = PBXFrameworksBuildPhase;
			buildActionMask = 2147483647;
			files = (
			);
			runOnlyForDeploymentPostprocessing = 0;
		};
/* End PBXFrameworksBuildPhase section */

/* Begin PBXGroup section */
		D61BB4492BB3770D008644D1 = {
			isa = PBXGroup;
			children = (
				D61BB4542BB3770D008644D1 /* SwiftUIDrawClock */,
				D61BB4652BB3770F008644D1 /* SwiftUIDrawClockTests */,
				D61BB46F2BB3770F008644D1 /* SwiftUIDrawClockUITests */,
				D61BB4532BB3770D008644D1 /* Products */,
			);
			sourceTree = "<group>";
		};
		D61BB4532BB3770D008644D1 /* Products */ = {
			isa = PBXGroup;
			children = (
				D61BB4522BB3770D008644D1 /* SwiftUIDrawClock.app */,
				D61BB4622BB3770F008644D1 /* SwiftUIDrawClockTests.xctest */,
				D61BB46C2BB3770F008644D1 /* SwiftUIDrawClockUITests.xctest */,
			);
			name = Products;
			sourceTree = "<group>";
		};
		D61BB4542BB3770D008644D1 /* SwiftUIDrawClock */ = {
			isa = PBXGroup;
			children = (
				D61BB4552BB3770D008644D1 /* SwiftUIDrawClockApp.swift */,
				D61BB4572BB3770D008644D1 /* ContentView.swift */,
				D61BB4592BB3770E008644D1 /* Assets.xcassets */,
				D61BB45B2BB3770E008644D1 /* Preview Content */,
			);
			path = SwiftUIDrawClock;
			sourceTree = "<group>";
		};
		D61BB45B2BB3770E008644D1 /* Preview Content */ = {
			isa = PBXGroup;
			children = (
				D61BB45C2BB3770E008644D1 /* Preview Assets.xcassets */,
			);
			path = "Preview Content";
			sourceTree = "<group>";
		};
		D61BB4652BB3770F008644D1 /* SwiftUIDrawClockTests */ = {
			isa = PBXGroup;
			children = (
				D61BB4662BB3770F008644D1 /* SwiftUIDrawClockTests.swift */,
			);
			path = SwiftUIDrawClockTests;
			sourceTree = "<group>";
		};
		D61BB46F2BB3770F008644D1 /* SwiftUIDrawClockUITests */ = {
			isa = PBXGroup;
			children = (
				D61BB4702BB3770F008644D1 /* SwiftUIDrawClockUITests.swift */,
				D61BB4722BB3770F008644D1 /* SwiftUIDrawClockUITestsLaunchTests.swift */,
			);
			path = SwiftUIDrawClockUITests;
			sourceTree = "<group>";
		};
/* End PBXGroup section */

/* Begin PBXNativeTarget section */
		D61BB4512BB3770D008644D1 /* SwiftUIDrawClock */ = {
			isa = PBXNativeTarget;
			buildConfigurationList = D61BB4762BB3770F008644D1 /* Build configuration list for PBXNativeTarget "SwiftUIDrawClock" */;
			buildPhases = (
				D61BB44E2BB3770D008644D1 /* Sources */,
				D61BB44F2BB3770D008644D1 /* Frameworks */,
				D61BB4502BB3770D008644D1 /* Resources */,
			);
			buildRules = (
			);
			dependencies = (
			);
			name = SwiftUIDrawClock;
			productName = SwiftUIDrawClock;
			productReference = D61BB4522BB3770D008644D1 /* SwiftUIDrawClock.app */;
			productType = "com.apple.product-type.application";
		};
		D61BB4612BB3770F008644D1 /* SwiftUIDrawClockTests */ = {
			isa = PBXNativeTarget;
			buildConfigurationList = D61BB4792BB3770F008644D1 /* Build configuration list for PBXNativeTarget "SwiftUIDrawClockTests" */;
			buildPhases = (
				D61BB45E2BB3770F008644D1 /* Sources */,
				D61BB45F2BB3770F008644D1 /* Frameworks */,
				D61BB4602BB3770F008644D1 /* Resources */,
			);
			buildRules = (
			);
			dependencies = (
				D61BB4642BB3770F008644D1 /* PBXTargetDependency */,
			);
			name = SwiftUIDrawClockTests;
			productName = SwiftUIDrawClockTests;
			productReference = D61BB4622BB3770F008644D1 /* SwiftUIDrawClockTests.xctest */;
			productType = "com.apple.product-type.bundle.unit-test";
		};
		D61BB46B2BB3770F008644D1 /* SwiftUIDrawClockUITests */ = {
			isa = PBXNativeTarget;
			buildConfigurationList = D61BB47C2BB3770F008644D1 /* Build configuration list for PBXNativeTarget "SwiftUIDrawClockUITests" */;
			buildPhases = (
				D61BB4682BB3770F008644D1 /* Sources */,
				D61BB4692BB3770F008644D1 /* Frameworks */,
				D61BB46A2BB3770F008644D1 /* Resources */,
			);
			buildRules = (
			);
			dependencies = (
				D61BB46E2BB3770F008644D1 /* PBXTargetDependency */,
			);
			name = SwiftUIDrawClockUITests;
			productName = SwiftUIDrawClockUITests;
			productReference = D61BB46C2BB3770F008644D1 /* SwiftUIDrawClockUITests.xctest */;
			productType = "com.apple.product-type.bundle.ui-testing";
		};
/* End PBXNativeTarget section */

/* Begin PBXProject section */
		D61BB44A2BB3770D008644D1 /* Project object */ = {
			isa = PBXProject;
			attributes = {
				BuildIndependentTargetsInParallel = 1;
				LastSwiftUpdateCheck = 1530;
				LastUpgradeCheck = 1530;
				TargetAttributes = {
					D61BB4512BB3770D008644D1 = {
						CreatedOnToolsVersion = 15.3;
					};
					D61BB4612BB3770F008644D1 = {
						CreatedOnToolsVersion = 15.3;
						TestTargetID = D61BB4512BB3770D008644D1;
					};
					D61BB46B2BB3770F008644D1 = {
						CreatedOnToolsVersion = 15.3;
						TestTargetID = D61BB4512BB3770D008644D1;
					};
				};
			};
			buildConfigurationList = D61BB44D2BB3770D008644D1 /* Build configuration list for PBXProject "SwiftUIDrawClock" */;
			compatibilityVersion = "Xcode 14.0";
			developmentRegion = en;
			hasScannedForEncodings = 0;
			knownRegions = (
				en,
				Base,
			);
			mainGroup = D61BB4492BB3770D008644D1;
			productRefGroup = D61BB4532BB3770D008644D1 /* Products */;
			projectDirPath = "";
			projectRoot = "";
			targets = (
				D61BB4512BB3770D008644D1 /* SwiftUIDrawClock */,
				D61BB4612BB3770F008644D1 /* SwiftUIDrawClockTests */,
				D61BB46B2BB3770F008644D1 /* SwiftUIDrawClockUITests */,
			);
		};
/* End PBXProject section */

/* Begin PBXResourcesBuildPhase section */
		D61BB4502BB3770D008644D1 /* Resources */ = {
			isa = PBXResourcesBuildPhase;
			buildActionMask = 2147483647;
			files = (
				D61BB45D2BB3770E008644D1 /* Preview Assets.xcassets in Resources */,
				D61BB45A2BB3770E008644D1 /* Assets.xcassets in Resources */,
			);
			runOnlyForDeploymentPostprocessing = 0;
		};
		D61BB4602BB3770F008644D1 /* Resources */ = {
			isa = PBXResourcesBuildPhase;
			buildActionMask = 2147483647;
			files = (
			);
			runOnlyForDeploymentPostprocessing = 0;
		};
		D61BB46A2BB3770F008644D1 /* Resources */ = {
			isa = PBXResourcesBuildPhase;
			buildActionMask = 2147483647;
			files = (
			);
			runOnlyForDeploymentPostprocessing = 0;
		};
/* End PBXResourcesBuildPhase section */

/* Begin PBXSourcesBuildPhase section */
		D61BB44E2BB3770D008644D1 /* Sources */ = {
			isa = PBXSourcesBuildPhase;
			buildActionMask = 2147483647;
			files = (
				D61BB4582BB3770D008644D1 /* ContentView.swift in Sources */,
				D61BB4562BB3770D008644D1 /* SwiftUIDrawClockApp.swift in Sources */,
			);
			runOnlyForDeploymentPostprocessing = 0;
		};
		D61BB45E2BB3770F008644D1 /* Sources */ = {
			isa = PBXSourcesBuildPhase;
			buildActionMask = 2147483647;
			files = (
				D61BB4672BB3770F008644D1 /* SwiftUIDrawClockTests.swift in Sources */,
			);
			runOnlyForDeploymentPostprocessing = 0;
		};
		D61BB4682BB3770F008644D1 /* Sources */ = {
			isa = PBXSourcesBuildPhase;
			buildActionMask = 2147483647;
			files = (
				D61BB4712BB3770F008644D1 /* SwiftUIDrawClockUITests.swift in Sources */,
				D61BB4732BB3770F008644D1 /* SwiftUIDrawClockUITestsLaunchTests.swift in Sources */,
			);
			runOnlyForDeploymentPostprocessing = 0;
		};
/* End PBXSourcesBuildPhase section */

/* Begin PBXTargetDependency section */
		D61BB4642BB3770F008644D1 /* PBXTargetDependency */ = {
			isa = PBXTargetDependency;
			target = D61BB4512BB3770D008644D1 /* SwiftUIDrawClock */;
			targetProxy = D61BB4632BB3770F008644D1 /* PBXContainerItemProxy */;
		};
		D61BB46E2BB3770F008644D1 /* PBXTargetDependency */ = {
			isa = PBXTargetDependency;
			target = D61BB4512BB3770D008644D1 /* SwiftUIDrawClock */;
			targetProxy = D61BB46D2BB3770F008644D1 /* PBXContainerItemProxy */;
		};
/* End PBXTargetDependency section */

/* Begin XCBuildConfiguration section */
		D61BB4742BB3770F008644D1 /* Debug */ = {
			isa = XCBuildConfiguration;
			buildSettings = {
				ALWAYS_SEARCH_USER_PATHS = NO;
				ASSETCATALOG_COMPILER_GENERATE_SWIFT_ASSET_SYMBOL_EXTENSIONS = YES;
				CLANG_ANALYZER_NONNULL = YES;
				CLANG_ANALYZER_NUMBER_OBJECT_CONVERSION = YES_AGGRESSIVE;
				CLANG_CXX_LANGUAGE_STANDARD = "gnu++20";
				CLANG_ENABLE_MODULES = YES;
				CLANG_ENABLE_OBJC_ARC = YES;
				CLANG_ENABLE_OBJC_WEAK = YES;
				CLANG_WARN_BLOCK_CAPTURE_AUTORELEASING = YES;
				CLANG_WARN_BOOL_CONVERSION = YES;
				CLANG_WARN_COMMA = YES;
				CLANG_WARN_CONSTANT_CONVERSION = YES;
				CLANG_WARN_DEPRECATED_OBJC_IMPLEMENTATIONS = YES;
				CLANG_WARN_DIRECT_OBJC_ISA_USAGE = YES_ERROR;
				CLANG_WARN_DOCUMENTATION_COMMENTS = YES;
				CLANG_WARN_EMPTY_BODY = YES;
				CLANG_WARN_ENUM_CONVERSION = YES;
				CLANG_WARN_INFINITE_RECURSION = YES;
				CLANG_WARN_INT_CONVERSION = YES;
				CLANG_WARN_NON_LITERAL_NULL_CONVERSION = YES;
				CLANG_WARN_OBJC_IMPLICIT_RETAIN_SELF = YES;
				CLANG_WARN_OBJC_LITERAL_CONVERSION = YES;
				CLANG_WARN_OBJC_ROOT_CLASS = YES_ERROR;
				CLANG_WARN_QUOTED_INCLUDE_IN_FRAMEWORK_HEADER = YES;
				CLANG_WARN_RANGE_LOOP_ANALYSIS = YES;
				CLANG_WARN_STRICT_PROTOTYPES = YES;
				CLANG_WARN_SUSPICIOUS_MOVE = YES;
				CLANG_WARN_UNGUARDED_AVAILABILITY = YES_AGGRESSIVE;
				CLANG_WARN_UNREACHABLE_CODE = YES;
				CLANG_WARN__DUPLICATE_METHOD_MATCH = YES;
				COPY_PHASE_STRIP = NO;
				DEBUG_INFORMATION_FORMAT = dwarf;
				ENABLE_STRICT_OBJC_MSGSEND = YES;
				ENABLE_TESTABILITY = YES;
				ENABLE_USER_SCRIPT_SANDBOXING = YES;
				GCC_C_LANGUAGE_STANDARD = gnu17;
				GCC_DYNAMIC_NO_PIC = NO;
				GCC_NO_COMMON_BLOCKS = YES;
				GCC_OPTIMIZATION_LEVEL = 0;
				GCC_PREPROCESSOR_DEFINITIONS = (
					"DEBUG=1",
					"$(inherited)",
				);
				GCC_WARN_64_TO_32_BIT_CONVERSION = YES;
				GCC_WARN_ABOUT_RETURN_TYPE = YES_ERROR;
				GCC_WARN_UNDECLARED_SELECTOR = YES;
				GCC_WARN_UNINITIALIZED_AUTOS = YES_AGGRESSIVE;
				GCC_WARN_UNUSED_FUNCTION = YES;
				GCC_WARN_UNUSED_VARIABLE = YES;
				IPHONEOS_DEPLOYMENT_TARGET = 17.4;
				LOCALIZATION_PREFERS_STRING_CATALOGS = YES;
				MTL_ENABLE_DEBUG_INFO = INCLUDE_SOURCE;
				MTL_FAST_MATH = YES;
				ONLY_ACTIVE_ARCH = YES;
				SDKROOT = iphoneos;
				SWIFT_ACTIVE_COMPILATION_CONDITIONS = "DEBUG $(inherited)";
				SWIFT_OPTIMIZATION_LEVEL = "-Onone";
			};
			name = Debug;
		};
		D61BB4752BB3770F008644D1 /* Release */ = {
			isa = XCBuildConfiguration;
			buildSettings = {
				ALWAYS_SEARCH_USER_PATHS = NO;
				ASSETCATALOG_COMPILER_GENERATE_SWIFT_ASSET_SYMBOL_EXTENSIONS = YES;
				CLANG_ANALYZER_NONNULL = YES;
				CLANG_ANALYZER_NUMBER_OBJECT_CONVERSION = YES_AGGRESSIVE;
				CLANG_CXX_LANGUAGE_STANDARD = "gnu++20";
				CLANG_ENABLE_MODULES = YES;
				CLANG_ENABLE_OBJC_ARC = YES;
				CLANG_ENABLE_OBJC_WEAK = YES;
				CLANG_WARN_BLOCK_CAPTURE_AUTORELEASING = YES;
				CLANG_WARN_BOOL_CONVERSION = YES;
				CLANG_WARN_COMMA = YES;
				CLANG_WARN_CONSTANT_CONVERSION = YES;
				CLANG_WARN_DEPRECATED_OBJC_IMPLEMENTATIONS = YES;
				CLANG_WARN_DIRECT_OBJC_ISA_USAGE = YES_ERROR;
				CLANG_WARN_DOCUMENTATION_COMMENTS = YES;
				CLANG_WARN_EMPTY_BODY = YES;
				CLANG_WARN_ENUM_CONVERSION = YES;
				CLANG_WARN_INFINITE_RECURSION = YES;
				CLANG_WARN_INT_CONVERSION = YES;
				CLANG_WARN_NON_LITERAL_NULL_CONVERSION = YES;
				CLANG_WARN_OBJC_IMPLICIT_RETAIN_SELF = YES;
				CLANG_WARN_OBJC_LITERAL_CONVERSION = YES;
				CLANG_WARN_OBJC_ROOT_CLASS = YES_ERROR;
				CLANG_WARN_QUOTED_INCLUDE_IN_FRAMEWORK_HEADER = YES;
				CLANG_WARN_RANGE_LOOP_ANALYSIS = YES;
				CLANG_WARN_STRICT_PROTOTYPES = YES;
				CLANG_WARN_SUSPICIOUS_MOVE = YES;
				CLANG_WARN_UNGUARDED_AVAILABILITY = YES_AGGRESSIVE;
				CLANG_WARN_UNREACHABLE_CODE = YES;
				CLANG_WARN__DUPLICATE_METHOD_MATCH = YES;
				COPY_PHASE_STRIP = NO;
				DEBUG_INFORMATION_FORMAT = "dwarf-with-dsym";
				ENABLE_NS_ASSERTIONS = NO;
				ENABLE_STRICT_OBJC_MSGSEND = YES;
				ENABLE_USER_SCRIPT_SANDBOXING = YES;
				GCC_C_LANGUAGE_STANDARD = gnu17;
				GCC_NO_COMMON_BLOCKS = YES;
				GCC_WARN_64_TO_32_BIT_CONVERSION = YES;
				GCC_WARN_ABOUT_RETURN_TYPE = YES_ERROR;
				GCC_WARN_UNDECLARED_SELECTOR = YES;
				GCC_WARN_UNINITIALIZED_AUTOS = YES_AGGRESSIVE;
				GCC_WARN_UNUSED_FUNCTION = YES;
				GCC_WARN_UNUSED_VARIABLE = YES;
				IPHONEOS_DEPLOYMENT_TARGET = 17.4;
				LOCALIZATION_PREFERS_STRING_CATALOGS = YES;
				MTL_ENABLE_DEBUG_INFO = NO;
				MTL_FAST_MATH = YES;
				SDKROOT = iphoneos;
				SWIFT_COMPILATION_MODE = wholemodule;
				VALIDATE_PRODUCT = YES;
			};
			name = Release;
		};
		D61BB4772BB3770F008644D1 /* Debug */ = {
			isa = XCBuildConfiguration;
			buildSettings = {
				ASSETCATALOG_COMPILER_APPICON_NAME = AppIcon;
				ASSETCATALOG_COMPILER_GLOBAL_ACCENT_COLOR_NAME = AccentColor;
				CODE_SIGN_STYLE = Automatic;
				CURRENT_PROJECT_VERSION = 1;
				DEVELOPMENT_ASSET_PATHS = "\"SwiftUIDrawClock/Preview Content\"";
				DEVELOPMENT_TEAM = K6LJCT8RAA;
				ENABLE_PREVIEWS = YES;
				GENERATE_INFOPLIST_FILE = YES;
				INFOPLIST_KEY_UIApplicationSceneManifest_Generation = YES;
				INFOPLIST_KEY_UIApplicationSupportsIndirectInputEvents = YES;
				INFOPLIST_KEY_UILaunchScreen_Generation = YES;
				INFOPLIST_KEY_UISupportedInterfaceOrientations_iPad = "UIInterfaceOrientationPortrait UIInterfaceOrientationPortraitUpsideDown UIInterfaceOrientationLandscapeLeft UIInterfaceOrientationLandscapeRight";
				INFOPLIST_KEY_UISupportedInterfaceOrientations_iPhone = "UIInterfaceOrientationPortrait UIInterfaceOrientationLandscapeLeft UIInterfaceOrientationLandscapeRight";
				LD_RUNPATH_SEARCH_PATHS = (
					"$(inherited)",
					"@executable_path/Frameworks",
				);
				MARKETING_VERSION = 1.0;
				PRODUCT_BUNDLE_IDENTIFIER = com.template.SwiftUIDrawClock;
				PRODUCT_NAME = "$(TARGET_NAME)";
				SWIFT_EMIT_LOC_STRINGS = YES;
				SWIFT_VERSION = 5.0;
				TARGETED_DEVICE_FAMILY = "1,2";
			};
			name = Debug;
		};
		D61BB4782BB3770F008644D1 /* Release */ = {
			isa = XCBuildConfiguration;
			buildSettings = {
				ASSETCATALOG_COMPILER_APPICON_NAME = AppIcon;
				ASSETCATALOG_COMPILER_GLOBAL_ACCENT_COLOR_NAME = AccentColor;
				CODE_SIGN_STYLE = Automatic;
				CURRENT_PROJECT_VERSION = 1;
				DEVELOPMENT_ASSET_PATHS = "\"SwiftUIDrawClock/Preview Content\"";
				DEVELOPMENT_TEAM = K6LJCT8RAA;
				ENABLE_PREVIEWS = YES;
				GENERATE_INFOPLIST_FILE = YES;
				INFOPLIST_KEY_UIApplicationSceneManifest_Generation = YES;
				INFOPLIST_KEY_UIApplicationSupportsIndirectInputEvents = YES;
				INFOPLIST_KEY_UILaunchScreen_Generation = YES;
				INFOPLIST_KEY_UISupportedInterfaceOrientations_iPad = "UIInterfaceOrientationPortrait UIInterfaceOrientationPortraitUpsideDown UIInterfaceOrientationLandscapeLeft UIInterfaceOrientationLandscapeRight";
				INFOPLIST_KEY_UISupportedInterfaceOrientations_iPhone = "UIInterfaceOrientationPortrait UIInterfaceOrientationLandscapeLeft UIInterfaceOrientationLandscapeRight";
				LD_RUNPATH_SEARCH_PATHS = (
					"$(inherited)",
					"@executable_path/Frameworks",
				);
				MARKETING_VERSION = 1.0;
				PRODUCT_BUNDLE_IDENTIFIER = com.template.SwiftUIDrawClock;
				PRODUCT_NAME = "$(TARGET_NAME)";
				SWIFT_EMIT_LOC_STRINGS = YES;
				SWIFT_VERSION = 5.0;
				TARGETED_DEVICE_FAMILY = "1,2";
			};
			name = Release;
		};
		D61BB47A2BB3770F008644D1 /* Debug */ = {
			isa = XCBuildConfiguration;
			buildSettings = {
				ALWAYS_EMBED_SWIFT_STANDARD_LIBRARIES = YES;
				BUNDLE_LOADER = "$(TEST_HOST)";
				CODE_SIGN_STYLE = Automatic;
				CURRENT_PROJECT_VERSION = 1;
				DEVELOPMENT_TEAM = K6LJCT8RAA;
				GENERATE_INFOPLIST_FILE = YES;
				IPHONEOS_DEPLOYMENT_TARGET = 17.4;
				MARKETING_VERSION = 1.0;
				PRODUCT_BUNDLE_IDENTIFIER = com.template.SwiftUIDrawClockTests;
				PRODUCT_NAME = "$(TARGET_NAME)";
				SWIFT_EMIT_LOC_STRINGS = NO;
				SWIFT_VERSION = 5.0;
				TARGETED_DEVICE_FAMILY = "1,2";
				TEST_HOST = "$(BUILT_PRODUCTS_DIR)/SwiftUIDrawClock.app/$(BUNDLE_EXECUTABLE_FOLDER_PATH)/SwiftUIDrawClock";
			};
			name = Debug;
		};
		D61BB47B2BB3770F008644D1 /* Release */ = {
			isa = XCBuildConfiguration;
			buildSettings = {
				ALWAYS_EMBED_SWIFT_STANDARD_LIBRARIES = YES;
				BUNDLE_LOADER = "$(TEST_HOST)";
				CODE_SIGN_STYLE = Automatic;
				CURRENT_PROJECT_VERSION = 1;
				DEVELOPMENT_TEAM = K6LJCT8RAA;
				GENERATE_INFOPLIST_FILE = YES;
				IPHONEOS_DEPLOYMENT_TARGET = 17.4;
				MARKETING_VERSION = 1.0;
				PRODUCT_BUNDLE_IDENTIFIER = com.template.SwiftUIDrawClockTests;
				PRODUCT_NAME = "$(TARGET_NAME)";
				SWIFT_EMIT_LOC_STRINGS = NO;
				SWIFT_VERSION = 5.0;
				TARGETED_DEVICE_FAMILY = "1,2";
				TEST_HOST = "$(BUILT_PRODUCTS_DIR)/SwiftUIDrawClock.app/$(BUNDLE_EXECUTABLE_FOLDER_PATH)/SwiftUIDrawClock";
			};
			name = Release;
		};
		D61BB47D2BB3770F008644D1 /* Debug */ = {
			isa = XCBuildConfiguration;
			buildSettings = {
				ALWAYS_EMBED_SWIFT_STANDARD_LIBRARIES = YES;
				CODE_SIGN_STYLE = Automatic;
				CURRENT_PROJECT_VERSION = 1;
				DEVELOPMENT_TEAM = K6LJCT8RAA;
				GENERATE_INFOPLIST_FILE = YES;
				MARKETING_VERSION = 1.0;
				PRODUCT_BUNDLE_IDENTIFIER = com.template.SwiftUIDrawClockUITests;
				PRODUCT_NAME = "$(TARGET_NAME)";
				SWIFT_EMIT_LOC_STRINGS = NO;
				SWIFT_VERSION = 5.0;
				TARGETED_DEVICE_FAMILY = "1,2";
				TEST_TARGET_NAME = SwiftUIDrawClock;
			};
			name = Debug;
		};
		D61BB47E2BB3770F008644D1 /* Release */ = {
			isa = XCBuildConfiguration;
			buildSettings = {
				ALWAYS_EMBED_SWIFT_STANDARD_LIBRARIES = YES;
				CODE_SIGN_STYLE = Automatic;
				CURRENT_PROJECT_VERSION = 1;
				DEVELOPMENT_TEAM = K6LJCT8RAA;
				GENERATE_INFOPLIST_FILE = YES;
				MARKETING_VERSION = 1.0;
				PRODUCT_BUNDLE_IDENTIFIER = com.template.SwiftUIDrawClockUITests;
				PRODUCT_NAME = "$(TARGET_NAME)";
				SWIFT_EMIT_LOC_STRINGS = NO;
				SWIFT_VERSION = 5.0;
				TARGETED_DEVICE_FAMILY = "1,2";
				TEST_TARGET_NAME = SwiftUIDrawClock;
			};
			name = Release;
		};
/* End XCBuildConfiguration section */

/* Begin XCConfigurationList section */
		D61BB44D2BB3770D008644D1 /* Build configuration list for PBXProject "SwiftUIDrawClock" */ = {
			isa = XCConfigurationList;
			buildConfigurations = (
				D61BB4742BB3770F008644D1 /* Debug */,
				D61BB4752BB3770F008644D1 /* Release */,
			);
			defaultConfigurationIsVisible = 0;
			defaultConfigurationName = Release;
		};
		D61BB4762BB3770F008644D1 /* Build configuration list for PBXNativeTarget "SwiftUIDrawClock" */ = {
			isa = XCConfigurationList;
			buildConfigurations = (
				D61BB4772BB3770F008644D1 /* Debug */,
				D61BB4782BB3770F008644D1 /* Release */,
			);
			defaultConfigurationIsVisible = 0;
			defaultConfigurationName = Release;
		};
		D61BB4792BB3770F008644D1 /* Build configuration list for PBXNativeTarget "SwiftUIDrawClockTests" */ = {
			isa = XCConfigurationList;
			buildConfigurations = (
				D61BB47A2BB3770F008644D1 /* Debug */,
				D61BB47B2BB3770F008644D1 /* Release */,
			);
			defaultConfigurationIsVisible = 0;
			defaultConfigurationName = Release;
		};
		D61BB47C2BB3770F008644D1 /* Build configuration list for PBXNativeTarget "SwiftUIDrawClockUITests" */ = {
			isa = XCConfigurationList;
			buildConfigurations = (
				D61BB47D2BB3770F008644D1 /* Debug */,
				D61BB47E2BB3770F008644D1 /* Release */,
			);
			defaultConfigurationIsVisible = 0;
			defaultConfigurationName = Release;
		};
/* End XCConfigurationList section */
	};
	rootObject = D61BB44A2BB3770D008644D1 /* Project object */;
}
